
Microsoft Visual Studio Solution File, Format Version 12.00
# Visual Studio 14
VisualStudioVersion = 14.0.25420.1
MinimumVisualStudioVersion = 10.0.40219.1
Project("{FAE04EC0-301F-11D3-BF4B-00C04F79EFBC}") = "Hallo", "Hallo\Hallo.csproj", "{1A34820D-A714-460A-939C-594270352845}"
	ProjectSection(ProjectDependencies) = postProject
		{EA933C20-DD05-481F-BFDE-19E6CCFAA58C} = {EA933C20-DD05-481F-BFDE-19E6CCFAA58C}
	EndProjectSection
EndProject
Project("{2150E333-8FDC-42A3-9474-1A3956D46DE8}") = ".nuget", ".nuget", "{F8F831E6-C007-49D6-BFFC-0517F61E8DD6}"
	ProjectSection(SolutionItems) = preProject
		.nuget\NuGet.Config = .nuget\NuGet.Config
		.nuget\NuGet.exe = .nuget\NuGet.exe
		.nuget\NuGet.targets = .nuget\NuGet.targets
		.nuget\packages.config = .nuget\packages.config
	EndProjectSection
EndProject
Project("{FAE04EC0-301F-11D3-BF4B-00C04F79EFBC}") = "HalloDal", "HalloDal\HalloDal.csproj", "{EA933C20-DD05-481F-BFDE-19E6CCFAA58C}"
EndProject
Project("{FAE04EC0-301F-11D3-BF4B-00C04F79EFBC}") = "HalloDalTest", "HalloDalTest\HalloDalTest.csproj", "{C6B40F35-085A-45EF-BDDB-032C7A4B75F0}"
EndProject
Project("{FAE04EC0-301F-11D3-BF4B-00C04F79EFBC}") = "Hallo.Core", "Hallo.Core\Hallo.Core.csproj", "{0D505019-0934-4334-BD11-7972C353D115}"
EndProject
Project("{FAE04EC0-301F-11D3-BF4B-00C04F79EFBC}") = "DugnadReminder", "DugnadReminder\DugnadReminder.csproj", "{5A564E1D-BA8C-4D72-A6D2-414A34FE3885}"
EndProject
Project("{FAE04EC0-301F-11D3-BF4B-00C04F79EFBC}") = "MailSender", "MailSender\MailSender.csproj", "{A726082C-4105-45BC-87B8-1B4B315D893A}"
EndProject
Project("{FAE04EC0-301F-11D3-BF4B-00C04F79EFBC}") = "CPRReminder", "CPRReminder\CPRReminder.csproj", "{4E04AFE0-F77E-4265-8052-688353C7160D}"
EndProject
Global
	GlobalSection(SolutionConfigurationPlatforms) = preSolution
		Debug|Any CPU = Debug|Any CPU
		Release|Any CPU = Release|Any CPU
	EndGlobalSection
	GlobalSection(ProjectConfigurationPlatforms) = postSolution
		{1A34820D-A714-460A-939C-594270352845}.Debug|Any CPU.ActiveCfg = Debug|Any CPU
		{1A34820D-A714-460A-939C-594270352845}.Debug|Any CPU.Build.0 = Debug|Any CPU
		{1A34820D-A714-460A-939C-594270352845}.Release|Any CPU.ActiveCfg = Release|Any CPU
		{1A34820D-A714-460A-939C-594270352845}.Release|Any CPU.Build.0 = Release|Any CPU
		{1A34820D-A714-460A-939C-594270352845}.Release|Any CPU.Deploy.0 = Release|Any CPU
		{EA933C20-DD05-481F-BFDE-19E6CCFAA58C}.Debug|Any CPU.ActiveCfg = Debug|Any CPU
		{EA933C20-DD05-481F-BFDE-19E6CCFAA58C}.Debug|Any CPU.Build.0 = Debug|Any CPU
		{EA933C20-DD05-481F-BFDE-19E6CCFAA58C}.Release|Any CPU.ActiveCfg = Release|Any CPU
		{EA933C20-DD05-481F-BFDE-19E6CCFAA58C}.Release|Any CPU.Build.0 = Release|Any CPU
		{C6B40F35-085A-45EF-BDDB-032C7A4B75F0}.Debug|Any CPU.ActiveCfg = Debug|Any CPU
		{C6B40F35-085A-45EF-BDDB-032C7A4B75F0}.Debug|Any CPU.Build.0 = Debug|Any CPU
		{C6B40F35-085A-45EF-BDDB-032C7A4B75F0}.Release|Any CPU.ActiveCfg = Release|Any CPU
		{0D505019-0934-4334-BD11-7972C353D115}.Debug|Any CPU.ActiveCfg = Debug|Any CPU
		{0D505019-0934-4334-BD11-7972C353D115}.Debug|Any CPU.Build.0 = Debug|Any CPU
		{0D505019-0934-4334-BD11-7972C353D115}.Release|Any CPU.ActiveCfg = Release|Any CPU
		{0D505019-0934-4334-BD11-7972C353D115}.Release|Any CPU.Build.0 = Release|Any CPU
		{5A564E1D-BA8C-4D72-A6D2-414A34FE3885}.Debug|Any CPU.ActiveCfg = Debug|Any CPU
		{5A564E1D-BA8C-4D72-A6D2-414A34FE3885}.Debug|Any CPU.Build.0 = Debug|Any CPU
		{5A564E1D-BA8C-4D72-A6D2-414A34FE3885}.Release|Any CPU.ActiveCfg = Release|Any CPU
		{5A564E1D-BA8C-4D72-A6D2-414A34FE3885}.Release|Any CPU.Build.0 = Release|Any CPU
		{A726082C-4105-45BC-87B8-1B4B315D893A}.Debug|Any CPU.ActiveCfg = Debug|Any CPU
		{A726082C-4105-45BC-87B8-1B4B315D893A}.Debug|Any CPU.Build.0 = Debug|Any CPU
		{A726082C-4105-45BC-87B8-1B4B315D893A}.Release|Any CPU.ActiveCfg = Release|Any CPU
		{A726082C-4105-45BC-87B8-1B4B315D893A}.Release|Any CPU.Build.0 = Release|Any CPU
		{4E04AFE0-F77E-4265-8052-688353C7160D}.Debug|Any CPU.ActiveCfg = Debug|Any CPU
		{4E04AFE0-F77E-4265-8052-688353C7160D}.Debug|Any CPU.Build.0 = Debug|Any CPU
		{4E04AFE0-F77E-4265-8052-688353C7160D}.Release|Any CPU.ActiveCfg = Release|Any CPU
		{4E04AFE0-F77E-4265-8052-688353C7160D}.Release|Any CPU.Build.0 = Release|Any CPU
	EndGlobalSection
	GlobalSection(SolutionProperties) = preSolution
		HideSolutionNode = FALSE
	EndGlobalSection
EndGlobal
